// !$*UTF8*$!
{
	archiveVersion = 1;
	classes = {
	};
	objectVersion = 46;
	objects = {

/* Begin PBXBuildFile section */
		00028B12187A8B6A009CB07A /* Foundation.framework in Frameworks */ = {isa = PBXBuildFile; fileRef = 00028B11187A8B6A009CB07A /* Foundation.framework */; };
		00028B14187A8B6A009CB07A /* CoreGraphics.framework in Frameworks */ = {isa = PBXBuildFile; fileRef = 00028B13187A8B6A009CB07A /* CoreGraphics.framework */; };
		00028B16187A8B6A009CB07A /* UIKit.framework in Frameworks */ = {isa = PBXBuildFile; fileRef = 00028B15187A8B6A009CB07A /* UIKit.framework */; };
		00028B1C187A8B6A009CB07A /* InfoPlist.strings in Resources */ = {isa = PBXBuildFile; fileRef = 00028B1A187A8B6A009CB07A /* InfoPlist.strings */; };
		00028B1E187A8B6A009CB07A /* main.m in Sources */ = {isa = PBXBuildFile; fileRef = 00028B1D187A8B6A009CB07A /* main.m */; };
		00028B22187A8B6A009CB07A /* AppDelegate.m in Sources */ = {isa = PBXBuildFile; fileRef = 00028B21187A8B6A009CB07A /* AppDelegate.m */; };
		00028B25187A8B6A009CB07A /* Main.storyboard in Resources */ = {isa = PBXBuildFile; fileRef = 00028B23187A8B6A009CB07A /* Main.storyboard */; };
		00028B28187A8B6A009CB07A /* ViewController.m in Sources */ = {isa = PBXBuildFile; fileRef = 00028B27187A8B6A009CB07A /* ViewController.m */; };
		00028B2A187A8B6A009CB07A /* Images.xcassets in Resources */ = {isa = PBXBuildFile; fileRef = 00028B29187A8B6A009CB07A /* Images.xcassets */; };
		00028B31187A8B6A009CB07A /* XCTest.framework in Frameworks */ = {isa = PBXBuildFile; fileRef = 00028B30187A8B6A009CB07A /* XCTest.framework */; };
		00028B32187A8B6A009CB07A /* Foundation.framework in Frameworks */ = {isa = PBXBuildFile; fileRef = 00028B11187A8B6A009CB07A /* Foundation.framework */; };
		00028B33187A8B6A009CB07A /* UIKit.framework in Frameworks */ = {isa = PBXBuildFile; fileRef = 00028B15187A8B6A009CB07A /* UIKit.framework */; };
		00028B3B187A8B6A009CB07A /* InfoPlist.strings in Resources */ = {isa = PBXBuildFile; fileRef = 00028B39187A8B6A009CB07A /* InfoPlist.strings */; };
		00028B3D187A8B6A009CB07A /* Ex_3_3_8Tests.m in Sources */ = {isa = PBXBuildFile; fileRef = 00028B3C187A8B6A009CB07A /* Ex_3_3_8Tests.m */; };
		00028B50187A8BDF009CB07A /* snsd0.png in Resources */ = {isa = PBXBuildFile; fileRef = 00028B47187A8BDF009CB07A /* snsd0.png */; };
		00028B51187A8BDF009CB07A /* snsd1.png in Resources */ = {isa = PBXBuildFile; fileRef = 00028B48187A8BDF009CB07A /* snsd1.png */; };
		00028B52187A8BDF009CB07A /* snsd2.png in Resources */ = {isa = PBXBuildFile; fileRef = 00028B49187A8BDF009CB07A /* snsd2.png */; };
		00028B53187A8BDF009CB07A /* snsd3.png in Resources */ = {isa = PBXBuildFile; fileRef = 00028B4A187A8BDF009CB07A /* snsd3.png */; };
		00028B54187A8BDF009CB07A /* snsd4.png in Resources */ = {isa = PBXBuildFile; fileRef = 00028B4B187A8BDF009CB07A /* snsd4.png */; };
		00028B55187A8BDF009CB07A /* snsd5.png in Resources */ = {isa = PBXBuildFile; fileRef = 00028B4C187A8BDF009CB07A /* snsd5.png */; };
		00028B56187A8BDF009CB07A /* snsd6.png in Resources */ = {isa = PBXBuildFile; fileRef = 00028B4D187A8BDF009CB07A /* snsd6.png */; };
		00028B57187A8BDF009CB07A /* snsd7.png in Resources */ = {isa = PBXBuildFile; fileRef = 00028B4E187A8BDF009CB07A /* snsd7.png */; };
		00028B58187A8BDF009CB07A /* snsd8.png in Resources */ = {isa = PBXBuildFile; fileRef = 00028B4F187A8BDF009CB07A /* snsd8.png */; };
/* End PBXBuildFile section */

/* Begin PBXContainerItemProxy section */
		00028B34187A8B6A009CB07A /* PBXContainerItemProxy */ = {
			isa = PBXContainerItemProxy;
			containerPortal = 00028B06187A8B6A009CB07A /* Project object */;
			proxyType = 1;
			remoteGlobalIDString = 00028B0D187A8B6A009CB07A;
			remoteInfo = Ex.3.3.8;
		};
/* End PBXContainerItemProxy section */

/* Begin PBXFileReference section */
		00028B0E187A8B6A009CB07A /* Ex.3.3.8.app */ = {isa = PBXFileReference; explicitFileType = wrapper.application; includeInIndex = 0; path = Ex.3.3.8.app; sourceTree = BUILT_PRODUCTS_DIR; };
		00028B11187A8B6A009CB07A /* Foundation.framework */ = {isa = PBXFileReference; lastKnownFileType = wrapper.framework; name = Foundation.framework; path = System/Library/Frameworks/Foundation.framework; sourceTree = SDKROOT; };
		00028B13187A8B6A009CB07A /* CoreGraphics.framework */ = {isa = PBXFileReference; lastKnownFileType = wrapper.framework; name = CoreGraphics.framework; path = System/Library/Frameworks/CoreGraphics.framework; sourceTree = SDKROOT; };
		00028B15187A8B6A009CB07A /* UIKit.framework */ = {isa = PBXFileReference; lastKnownFileType = wrapper.framework; name = UIKit.framework; path = System/Library/Frameworks/UIKit.framework; sourceTree = SDKROOT; };
		00028B19187A8B6A009CB07A /* Ex.3.3.8-Info.plist */ = {isa = PBXFileReference; lastKnownFileType = text.plist.xml; path = "Ex.3.3.8-Info.plist"; sourceTree = "<group>"; };
		00028B1B187A8B6A009CB07A /* en */ = {isa = PBXFileReference; lastKnownFileType = text.plist.strings; name = en; path = en.lproj/InfoPlist.strings; sourceTree = "<group>"; };
		00028B1D187A8B6A009CB07A /* main.m */ = {isa = PBXFileReference; lastKnownFileType = sourcecode.c.objc; path = main.m; sourceTree = "<group>"; };
		00028B1F187A8B6A009CB07A /* Ex.3.3.8-Prefix.pch */ = {isa = PBXFileReference; lastKnownFileType = sourcecode.c.h; path = "Ex.3.3.8-Prefix.pch"; sourceTree = "<group>"; };
		00028B20187A8B6A009CB07A /* AppDelegate.h */ = {isa = PBXFileReference; lastKnownFileType = sourcecode.c.h; path = AppDelegate.h; sourceTree = "<group>"; };
		00028B21187A8B6A009CB07A /* AppDelegate.m */ = {isa = PBXFileReference; lastKnownFileType = sourcecode.c.objc; path = AppDelegate.m; sourceTree = "<group>"; };
		00028B24187A8B6A009CB07A /* Base */ = {isa = PBXFileReference; lastKnownFileType = file.storyboard; name = Base; path = Base.lproj/Main.storyboard; sourceTree = "<group>"; };
		00028B26187A8B6A009CB07A /* ViewController.h */ = {isa = PBXFileReference; lastKnownFileType = sourcecode.c.h; path = ViewController.h; sourceTree = "<group>"; };
		00028B27187A8B6A009CB07A /* ViewController.m */ = {isa = PBXFileReference; lastKnownFileType = sourcecode.c.objc; path = ViewController.m; sourceTree = "<group>"; };
		00028B29187A8B6A009CB07A /* Images.xcassets */ = {isa = PBXFileReference; lastKnownFileType = folder.assetcatalog; path = Images.xcassets; sourceTree = "<group>"; };
		00028B2F187A8B6A009CB07A /* Ex.3.3.8Tests.xctest */ = {isa = PBXFileReference; explicitFileType = wrapper.cfbundle; includeInIndex = 0; path = Ex.3.3.8Tests.xctest; sourceTree = BUILT_PRODUCTS_DIR; };
		00028B30187A8B6A009CB07A /* XCTest.framework */ = {isa = PBXFileReference; lastKnownFileType = wrapper.framework; name = XCTest.framework; path = Library/Frameworks/XCTest.framework; sourceTree = DEVELOPER_DIR; };
		00028B38187A8B6A009CB07A /* Ex.3.3.8Tests-Info.plist */ = {isa = PBXFileReference; lastKnownFileType = text.plist.xml; path = "Ex.3.3.8Tests-Info.plist"; sourceTree = "<group>"; };
		00028B3A187A8B6A009CB07A /* en */ = {isa = PBXFileReference; lastKnownFileType = text.plist.strings; name = en; path = en.lproj/InfoPlist.strings; sourceTree = "<group>"; };
		00028B3C187A8B6A009CB07A /* Ex_3_3_8Tests.m */ = {isa = PBXFileReference; lastKnownFileType = sourcecode.c.objc; path = Ex_3_3_8Tests.m; sourceTree = "<group>"; };
		00028B47187A8BDF009CB07A /* snsd0.png */ = {isa = PBXFileReference; lastKnownFileType = image.png; path = snsd0.png; sourceTree = "<group>"; };
		00028B48187A8BDF009CB07A /* snsd1.png */ = {isa = PBXFileReference; lastKnownFileType = image.png; path = snsd1.png; sourceTree = "<group>"; };
		00028B49187A8BDF009CB07A /* snsd2.png */ = {isa = PBXFileReference; lastKnownFileType = image.png; path = snsd2.png; sourceTree = "<group>"; };
		00028B4A187A8BDF009CB07A /* snsd3.png */ = {isa = PBXFileReference; lastKnownFileType = image.png; path = snsd3.png; sourceTree = "<group>"; };
		00028B4B187A8BDF009CB07A /* snsd4.png */ = {isa = PBXFileReference; lastKnownFileType = image.png; path = snsd4.png; sourceTree = "<group>"; };
		00028B4C187A8BDF009CB07A /* snsd5.png */ = {isa = PBXFileReference; lastKnownFileType = image.png; path = snsd5.png; sourceTree = "<group>"; };
		00028B4D187A8BDF009CB07A /* snsd6.png */ = {isa = PBXFileReference; lastKnownFileType = image.png; path = snsd6.png; sourceTree = "<group>"; };
		00028B4E187A8BDF009CB07A /* snsd7.png */ = {isa = PBXFileReference; lastKnownFileType = image.png; path = snsd7.png; sourceTree = "<group>"; };
		00028B4F187A8BDF009CB07A /* snsd8.png */ = {isa = PBXFileReference; lastKnownFileType = image.png; path = snsd8.png; sourceTree = "<group>"; };
/* End PBXFileReference section */

/* Begin PBXFrameworksBuildPhase section */
		00028B0B187A8B6A009CB07A /* Frameworks */ = {
			isa = PBXFrameworksBuildPhase;
			buildActionMask = 2147483647;
			files = (
				00028B14187A8B6A009CB07A /* CoreGraphics.framework in Frameworks */,
				00028B16187A8B6A009CB07A /* UIKit.framework in Frameworks */,
				00028B12187A8B6A009CB07A /* Foundation.framework in Frameworks */,
			);
			runOnlyForDeploymentPostprocessing = 0;
		};
		00028B2C187A8B6A009CB07A /* Frameworks */ = {
			isa = PBXFrameworksBuildPhase;
			buildActionMask = 2147483647;
			files = (
				00028B31187A8B6A009CB07A /* XCTest.framework in Frameworks */,
				00028B33187A8B6A009CB07A /* UIKit.framework in Frameworks */,
				00028B32187A8B6A009CB07A /* Foundation.framework in Frameworks */,
			);
			runOnlyForDeploymentPostprocessing = 0;
		};
/* End PBXFrameworksBuildPhase section */

/* Begin PBXGroup section */
		00028B05187A8B6A009CB07A = {
			isa = PBXGroup;
			children = (
				00028B17187A8B6A009CB07A /* Ex.3.3.8 */,
				00028B36187A8B6A009CB07A /* Ex.3.3.8Tests */,
				00028B10187A8B6A009CB07A /* Frameworks */,
				00028B0F187A8B6A009CB07A /* Products */,
			);
			sourceTree = "<group>";
		};
		00028B0F187A8B6A009CB07A /* Products */ = {
			isa = PBXGroup;
			children = (
				00028B0E187A8B6A009CB07A /* Ex.3.3.8.app */,
				00028B2F187A8B6A009CB07A /* Ex.3.3.8Tests.xctest */,
			);
			name = Products;
			sourceTree = "<group>";
		};
		00028B10187A8B6A009CB07A /* Frameworks */ = {
			isa = PBXGroup;
			children = (
				00028B11187A8B6A009CB07A /* Foundation.framework */,
				00028B13187A8B6A009CB07A /* CoreGraphics.framework */,
				00028B15187A8B6A009CB07A /* UIKit.framework */,
				00028B30187A8B6A009CB07A /* XCTest.framework */,
			);
			name = Frameworks;
			sourceTree = "<group>";
		};
		00028B17187A8B6A009CB07A /* Ex.3.3.8 */ = {
			isa = PBXGroup;
			children = (
				00028B46187A8BDF009CB07A /* snsd */,
				00028B20187A8B6A009CB07A /* AppDelegate.h */,
				00028B21187A8B6A009CB07A /* AppDelegate.m */,
				00028B23187A8B6A009CB07A /* Main.storyboard */,
				00028B26187A8B6A009CB07A /* ViewController.h */,
				00028B27187A8B6A009CB07A /* ViewController.m */,
				00028B29187A8B6A009CB07A /* Images.xcassets */,
				00028B18187A8B6A009CB07A /* Supporting Files */,
			);
			path = Ex.3.3.8;
			sourceTree = "<group>";
		};
		00028B18187A8B6A009CB07A /* Supporting Files */ = {
			isa = PBXGroup;
			children = (
				00028B19187A8B6A009CB07A /* Ex.3.3.8-Info.plist */,
				00028B1A187A8B6A009CB07A /* InfoPlist.strings */,
				00028B1D187A8B6A009CB07A /* main.m */,
				00028B1F187A8B6A009CB07A /* Ex.3.3.8-Prefix.pch */,
			);
			name = "Supporting Files";
			sourceTree = "<group>";
		};
		00028B36187A8B6A009CB07A /* Ex.3.3.8Tests */ = {
			isa = PBXGroup;
			children = (
				00028B3C187A8B6A009CB07A /* Ex_3_3_8Tests.m */,
				00028B37187A8B6A009CB07A /* Supporting Files */,
			);
			path = Ex.3.3.8Tests;
			sourceTree = "<group>";
		};
		00028B37187A8B6A009CB07A /* Supporting Files */ = {
			isa = PBXGroup;
			children = (
				00028B38187A8B6A009CB07A /* Ex.3.3.8Tests-Info.plist */,
				00028B39187A8B6A009CB07A /* InfoPlist.strings */,
			);
			name = "Supporting Files";
			sourceTree = "<group>";
		};
		00028B46187A8BDF009CB07A /* snsd */ = {
			isa = PBXGroup;
			children = (
				00028B47187A8BDF009CB07A /* snsd0.png */,
				00028B48187A8BDF009CB07A /* snsd1.png */,
				00028B49187A8BDF009CB07A /* snsd2.png */,
				00028B4A187A8BDF009CB07A /* snsd3.png */,
				00028B4B187A8BDF009CB07A /* snsd4.png */,
				00028B4C187A8BDF009CB07A /* snsd5.png */,
				00028B4D187A8BDF009CB07A /* snsd6.png */,
				00028B4E187A8BDF009CB07A /* snsd7.png */,
				00028B4F187A8BDF009CB07A /* snsd8.png */,
			);
			path = snsd;
			sourceTree = "<group>";
		};
/* End PBXGroup section */

/* Begin PBXNativeTarget section */
		00028B0D187A8B6A009CB07A /* Ex.3.3.8 */ = {
			isa = PBXNativeTarget;
			buildConfigurationList = 00028B40187A8B6B009CB07A /* Build configuration list for PBXNativeTarget "Ex.3.3.8" */;
			buildPhases = (
				00028B0A187A8B6A009CB07A /* Sources */,
				00028B0B187A8B6A009CB07A /* Frameworks */,
				00028B0C187A8B6A009CB07A /* Resources */,
			);
			buildRules = (
			);
			dependencies = (
			);
			name = Ex.3.3.8;
			productName = Ex.3.3.8;
			productReference = 00028B0E187A8B6A009CB07A /* Ex.3.3.8.app */;
			productType = "com.apple.product-type.application";
		};
		00028B2E187A8B6A009CB07A /* Ex.3.3.8Tests */ = {
			isa = PBXNativeTarget;
			buildConfigurationList = 00028B43187A8B6B009CB07A /* Build configuration list for PBXNativeTarget "Ex.3.3.8Tests" */;
			buildPhases = (
				00028B2B187A8B6A009CB07A /* Sources */,
				00028B2C187A8B6A009CB07A /* Frameworks */,
				00028B2D187A8B6A009CB07A /* Resources */,
			);
			buildRules = (
			);
			dependencies = (
				00028B35187A8B6A009CB07A /* PBXTargetDependency */,
			);
			name = Ex.3.3.8Tests;
			productName = Ex.3.3.8Tests;
			productReference = 00028B2F187A8B6A009CB07A /* Ex.3.3.8Tests.xctest */;
			productType = "com.apple.product-type.bundle.unit-test";
		};
/* End PBXNativeTarget section */

/* Begin PBXProject section */
		00028B06187A8B6A009CB07A /* Project object */ = {
			isa = PBXProject;
			attributes = {
				LastUpgradeCheck = 0500;
				ORGANIZATIONNAME = T;
				TargetAttributes = {
					00028B2E187A8B6A009CB07A = {
						TestTargetID = 00028B0D187A8B6A009CB07A;
					};
				};
			};
			buildConfigurationList = 00028B09187A8B6A009CB07A /* Build configuration list for PBXProject "Ex.3.3.8" */;
			compatibilityVersion = "Xcode 3.2";
			developmentRegion = English;
			hasScannedForEncodings = 0;
			knownRegions = (
				en,
				Base,
			);
			mainGroup = 00028B05187A8B6A009CB07A;
			productRefGroup = 00028B0F187A8B6A009CB07A /* Products */;
			projectDirPath = "";
			projectRoot = "";
			targets = (
				00028B0D187A8B6A009CB07A /* Ex.3.3.8 */,
				00028B2E187A8B6A009CB07A /* Ex.3.3.8Tests */,
			);
		};
/* End PBXProject section */

/* Begin PBXResourcesBuildPhase section */
		00028B0C187A8B6A009CB07A /* Resources */ = {
			isa = PBXResourcesBuildPhase;
			buildActionMask = 2147483647;
			files = (
				00028B54187A8BDF009CB07A /* snsd4.png in Resources */,
				00028B55187A8BDF009CB07A /* snsd5.png in Resources */,
				00028B50187A8BDF009CB07A /* snsd0.png in Resources */,
				00028B53187A8BDF009CB07A /* snsd3.png in Resources */,
				00028B58187A8BDF009CB07A /* snsd8.png in Resources */,
				00028B51187A8BDF009CB07A /* snsd1.png in Resources */,
				00028B2A187A8B6A009CB07A /* Images.xcassets in Resources */,
				00028B57187A8BDF009CB07A /* snsd7.png in Resources */,
				00028B56187A8BDF009CB07A /* snsd6.png in Resources */,
				00028B1C187A8B6A009CB07A /* InfoPlist.strings in Resources */,
				00028B52187A8BDF009CB07A /* snsd2.png in Resources */,
				00028B25187A8B6A009CB07A /* Main.storyboard in Resources */,
			);
			runOnlyForDeploymentPostprocessing = 0;
		};
		00028B2D187A8B6A009CB07A /* Resources */ = {
			isa = PBXResourcesBuildPhase;
			buildActionMask = 2147483647;
			files = (
				00028B3B187A8B6A009CB07A /* InfoPlist.strings in Resources */,
			);
			runOnlyForDeploymentPostprocessing = 0;
		};
/* End PBXResourcesBuildPhase section */

/* Begin PBXSourcesBuildPhase section */
		00028B0A187A8B6A009CB07A /* Sources */ = {
			isa = PBXSourcesBuildPhase;
			buildActionMask = 2147483647;
			files = (
				00028B28187A8B6A009CB07A /* ViewController.m in Sources */,
				00028B22187A8B6A009CB07A /* AppDelegate.m in Sources */,
				00028B1E187A8B6A009CB07A /* main.m in Sources */,
			);
			runOnlyForDeploymentPostprocessing = 0;
		};
		00028B2B187A8B6A009CB07A /* Sources */ = {
			isa = PBXSourcesBuildPhase;
			buildActionMask = 2147483647;
			files = (
				00028B3D187A8B6A009CB07A /* Ex_3_3_8Tests.m in Sources */,
			);
			runOnlyForDeploymentPostprocessing = 0;
		};
/* End PBXSourcesBuildPhase section */

/* Begin PBXTargetDependency section */
		00028B35187A8B6A009CB07A /* PBXTargetDependency */ = {
			isa = PBXTargetDependency;
			target = 00028B0D187A8B6A009CB07A /* Ex.3.3.8 */;
			targetProxy = 00028B34187A8B6A009CB07A /* PBXContainerItemProxy */;
		};
/* End PBXTargetDependency section */

/* Begin PBXVariantGroup section */
		00028B1A187A8B6A009CB07A /* InfoPlist.strings */ = {
			isa = PBXVariantGroup;
			children = (
				00028B1B187A8B6A009CB07A /* en */,
			);
			name = InfoPlist.strings;
			sourceTree = "<group>";
		};
		00028B23187A8B6A009CB07A /* Main.storyboard */ = {
			isa = PBXVariantGroup;
			children = (
				00028B24187A8B6A009CB07A /* Base */,
			);
			name = Main.storyboard;
			sourceTree = "<group>";
		};
		00028B39187A8B6A009CB07A /* InfoPlist.strings */ = {
			isa = PBXVariantGroup;
			children = (
				00028B3A187A8B6A009CB07A /* en */,
			);
			name = InfoPlist.strings;
			sourceTree = "<group>";
		};
/* End PBXVariantGroup section */

/* Begin XCBuildConfiguration section */
		00028B3E187A8B6B009CB07A /* Debug */ = {
			isa = XCBuildConfiguration;
			buildSettings = {
				ALWAYS_SEARCH_USER_PATHS = NO;
				ARCHS = "$(ARCHS_STANDARD_INCLUDING_64_BIT)";
				CLANG_CXX_LANGUAGE_STANDARD = "gnu++0x";
				CLANG_CXX_LIBRARY = "libc++";
				CLANG_ENABLE_MODULES = YES;
				CLANG_ENABLE_OBJC_ARC = YES;
				CLANG_WARN_BOOL_CONVERSION = YES;
				CLANG_WARN_CONSTANT_CONVERSION = YES;
				CLANG_WARN_DIRECT_OBJC_ISA_USAGE = YES_ERROR;
				CLANG_WARN_EMPTY_BODY = YES;
				CLANG_WARN_ENUM_CONVERSION = YES;
				CLANG_WARN_INT_CONVERSION = YES;
				CLANG_WARN_OBJC_ROOT_CLASS = YES_ERROR;
				CLANG_WARN__DUPLICATE_METHOD_MATCH = YES;
				"CODE_SIGN_IDENTITY[sdk=iphoneos*]" = "iPhone Developer";
				COPY_PHASE_STRIP = NO;
				GCC_C_LANGUAGE_STANDARD = gnu99;
				GCC_DYNAMIC_NO_PIC = NO;
				GCC_OPTIMIZATION_LEVEL = 0;
				GCC_PREPROCESSOR_DEFINITIONS = (
					"DEBUG=1",
					"$(inherited)",
				);
				GCC_SYMBOLS_PRIVATE_EXTERN = NO;
				GCC_WARN_64_TO_32_BIT_CONVERSION = YES;
				GCC_WARN_ABOUT_RETURN_TYPE = YES_ERROR;
				GCC_WARN_UNDECLARED_SELECTOR = YES;
				GCC_WARN_UNINITIALIZED_AUTOS = YES;
				GCC_WARN_UNUSED_FUNCTION = YES;
				GCC_WARN_UNUSED_VARIABLE = YES;
				IPHONEOS_DEPLOYMENT_TARGET = 7.0;
				ONLY_ACTIVE_ARCH = YES;
				SDKROOT = iphoneos;
			};
			name = Debug;
		};
		00028B3F187A8B6B009CB07A /* Release */ = {
			isa = XCBuildConfiguration;
			buildSettings = {
				ALWAYS_SEARCH_USER_PATHS = NO;
				ARCHS = "$(ARCHS_STANDARD_INCLUDING_64_BIT)";
				CLANG_CXX_LANGUAGE_STANDARD = "gnu++0x";
				CLANG_CXX_LIBRARY = "libc++";
				CLANG_ENABLE_MODULES = YES;
				CLANG_ENABLE_OBJC_ARC = YES;
				CLANG_WARN_BOOL_CONVERSION = YES;
				CLANG_WARN_CONSTANT_CONVERSION = YES;
				CLANG_WARN_DIRECT_OBJC_ISA_USAGE = YES_ERROR;
				CLANG_WARN_EMPTY_BODY = YES;
				CLANG_WARN_ENUM_CONVERSION = YES;
				CLANG_WARN_INT_CONVERSION = YES;
				CLANG_WARN_OBJC_ROOT_CLASS = YES_ERROR;
				CLANG_WARN__DUPLICATE_METHOD_MATCH = YES;
				"CODE_SIGN_IDENTITY[sdk=iphoneos*]" = "iPhone Developer";
				COPY_PHASE_STRIP = YES;
				ENABLE_NS_ASSERTIONS = NO;
				GCC_C_LANGUAGE_STANDARD = gnu99;
				GCC_WARN_64_TO_32_BIT_CONVERSION = YES;
				GCC_WARN_ABOUT_RETURN_TYPE = YES_ERROR;
				GCC_WARN_UNDECLARED_SELECTOR = YES;
				GCC_WARN_UNINITIALIZED_AUTOS = YES;
				GCC_WARN_UNUSED_FUNCTION = YES;
				GCC_WARN_UNUSED_VARIABLE = YES;
				IPHONEOS_DEPLOYMENT_TARGET = 7.0;
				SDKROOT = iphoneos;
				VALIDATE_PRODUCT = YES;
			};
			name = Release;
		};
		00028B41187A8B6B009CB07A /* Debug */ = {
			isa = XCBuildConfiguration;
			buildSettings = {
				ASSETCATALOG_COMPILER_APPICON_NAME = AppIcon;
				ASSETCATALOG_COMPILER_LAUNCHIMAGE_NAME = LaunchImage;
				GCC_PRECOMPILE_PREFIX_HEADER = YES;
				GCC_PREFIX_HEADER = "Ex.3.3.8/Ex.3.3.8-Prefix.pch";
				INFOPLIST_FILE = "Ex.3.3.8/Ex.3.3.8-Info.plist";
				PRODUCT_NAME = "$(TARGET_NAME)";
				WRAPPER_EXTENSION = app;
			};
			name = Debug;
		};
		00028B42187A8B6B009CB07A /* Release */ = {
			isa = XCBuildConfiguration;
			buildSettings = {
				ASSETCATALOG_COMPILER_APPICON_NAME = AppIcon;
				ASSETCATALOG_COMPILER_LAUNCHIMAGE_NAME = LaunchImage;
				GCC_PRECOMPILE_PREFIX_HEADER = YES;
				GCC_PREFIX_HEADER = "Ex.3.3.8/Ex.3.3.8-Prefix.pch";
				INFOPLIST_FILE = "Ex.3.3.8/Ex.3.3.8-Info.plist";
				PRODUCT_NAME = "$(TARGET_NAME)";
				WRAPPER_EXTENSION = app;
			};
			name = Release;
		};
		00028B44187A8B6B009CB07A /* Debug */ = {
			isa = XCBuildConfiguration;
			buildSettings = {
				ARCHS = "$(ARCHS_STANDARD_INCLUDING_64_BIT)";
				BUNDLE_LOADER = "$(BUILT_PRODUCTS_DIR)/Ex.3.3.8.app/Ex.3.3.8";
				FRAMEWORK_SEARCH_PATHS = (
					"$(SDKROOT)/Developer/Library/Frameworks",
					"$(inherited)",
					"$(DEVELOPER_FRAMEWORKS_DIR)",
				);
				GCC_PRECOMPILE_PREFIX_HEADER = YES;
				GCC_PREFIX_HEADER = "Ex.3.3.8/Ex.3.3.8-Prefix.pch";
				GCC_PREPROCESSOR_DEFINITIONS = (
					"DEBUG=1",
					"$(inherited)",
				);
				INFOPLIST_FILE = "Ex.3.3.8Tests/Ex.3.3.8Tests-Info.plist";
				PRODUCT_NAME = "$(TARGET_NAME)";
				TEST_HOST = "$(BUNDLE_LOADER)";
				WRAPPER_EXTENSION = xctest;
			};
			name = Debug;
		};
		00028B45187A8B6B009CB07A /* Release */ = {
			isa = XCBuildConfiguration;
			buildSettings = {
				ARCHS = "$(ARCHS_STANDARD_INCLUDING_64_BIT)";
				BUNDLE_LOADER = "$(BUILT_PRODUCTS_DIR)/Ex.3.3.8.app/Ex.3.3.8";
				FRAMEWORK_SEARCH_PATHS = (
					"$(SDKROOT)/Developer/Library/Frameworks",
					"$(inherited)",
					"$(DEVELOPER_FRAMEWORKS_DIR)",
				);
				GCC_PRECOMPILE_PREFIX_HEADER = YES;
				GCC_PREFIX_HEADER = "Ex.3.3.8/Ex.3.3.8-Prefix.pch";
				INFOPLIST_FILE = "Ex.3.3.8Tests/Ex.3.3.8Tests-Info.plist";
				PRODUCT_NAME = "$(TARGET_NAME)";
				TEST_HOST = "$(BUNDLE_LOADER)";
				WRAPPER_EXTENSION = xctest;
			};
			name = Release;
		};
/* End XCBuildConfiguration section */

/* Begin XCConfigurationList section */
		00028B09187A8B6A009CB07A /* Build configuration list for PBXProject "Ex.3.3.8" */ = {
			isa = XCConfigurationList;
			buildConfigurations = (
				00028B3E187A8B6B009CB07A /* Debug */,
				00028B3F187A8B6B009CB07A /* Release */,
			);
			defaultConfigurationIsVisible = 0;
			defaultConfigurationName = Release;
		};
		00028B40187A8B6B009CB07A /* Build configuration list for PBXNativeTarget "Ex.3.3.8" */ = {
			isa = XCConfigurationList;
			buildConfigurations = (
				00028B41187A8B6B009CB07A /* Debug */,
				00028B42187A8B6B009CB07A /* Release */,
			);
			defaultConfigurationIsVisible = 0;
		};
		00028B43187A8B6B009CB07A /* Build configuration list for PBXNativeTarget "Ex.3.3.8Tests" */ = {
			isa = XCConfigurationList;
			buildConfigurations = (
				00028B44187A8B6B009CB07A /* Debug */,
				00028B45187A8B6B009CB07A /* Release */,
			);
			defaultConfigurationIsVisible = 0;
		};
/* End XCConfigurationList section */
	};
	rootObject = 00028B06187A8B6A009CB07A /* Project object */;
}
